
Microsoft Visual Studio Solution File, Format Version 12.00
# Visual Studio Version 17
VisualStudioVersion = 17.4.33205.214
MinimumVisualStudioVersion = 10.0.40219.1
Project("{FAE04EC0-301F-11D3-BF4B-00C04F79EFBC}") = "AdoDemo", "AdoDemo\AdoDemo.csproj", "{102C49F4-91B8-4850-AA82-2F69D330741A}"
EndProject
Global
	GlobalSection(SolutionConfigurationPlatforms) = preSolution
		Debug|Any CPU = Debug|Any CPU
		Release|Any CPU = Release|Any CPU
	EndGlobalSection
	GlobalSection(ProjectConfigurationPlatforms) = postSolution
		{102C49F4-91B8-4850-AA82-2F69D330741A}.Debug|Any CPU.ActiveCfg = Debug|Any CPU
		{102C49F4-91B8-4850-AA82-2F69D330741A}.Debug|Any CPU.Build.0 = Debug|Any CPU
		{102C49F4-91B8-4850-AA82-2F69D330741A}.Release|Any CPU.ActiveCfg = Release|Any CPU
		{102C49F4-91B8-4850-AA82-2F69D330741A}.Release|Any CPU.Build.0 = Release|Any CPU
	EndGlobalSection
	GlobalSection(SolutionProperties) = preSolution
		HideSolutionNode = FALSE
	EndGlobalSection
	GlobalSection(ExtensibilityGlobals) = postSolution
		SolutionGuid = {7C56C27F-EFD8-4E19-B4CB-7B3CA9E2BD99}
	EndGlobalSection
EndGlobal
